// !$*UTF8*$!
{
	archiveVersion = 1;
	classes = {
	};
	objectVersion = 50;
	objects = {

/* Begin PBXBuildFile section */
		A91E633324AE8D05003999B3 /* ArticleCell.swift in Sources */ = {isa = PBXBuildFile; fileRef = A91E633224AE8D05003999B3 /* ArticleCell.swift */; };
		A92DF28F24AE52A400D101FA /* ArticleManager.swift in Sources */ = {isa = PBXBuildFile; fileRef = A92DF28E24AE52A400D101FA /* ArticleManager.swift */; };
		A9AEDEC324AA2B6C0030D595 /* AppDelegate.swift in Sources */ = {isa = PBXBuildFile; fileRef = A9AEDEC224AA2B6C0030D595 /* AppDelegate.swift */; };
		A9AEDEC524AA2B6C0030D595 /* SceneDelegate.swift in Sources */ = {isa = PBXBuildFile; fileRef = A9AEDEC424AA2B6C0030D595 /* SceneDelegate.swift */; };
		A9AEDEC724AA2B6C0030D595 /* ViewController.swift in Sources */ = {isa = PBXBuildFile; fileRef = A9AEDEC624AA2B6C0030D595 /* ViewController.swift */; };
		A9AEDECD24AA2B6C0030D595 /* SosnovskiyProjectVTB.xcdatamodeld in Sources */ = {isa = PBXBuildFile; fileRef = A9AEDECB24AA2B6C0030D595 /* SosnovskiyProjectVTB.xcdatamodeld */; };
		A9AEDECF24AA2B700030D595 /* Assets.xcassets in Resources */ = {isa = PBXBuildFile; fileRef = A9AEDECE24AA2B700030D595 /* Assets.xcassets */; };
		A9AEDED224AA2B700030D595 /* LaunchScreen.storyboard in Resources */ = {isa = PBXBuildFile; fileRef = A9AEDED024AA2B700030D595 /* LaunchScreen.storyboard */; };
		A9AEDEDD24AA2B700030D595 /* SosnovskiyProjectVTBTests.swift in Sources */ = {isa = PBXBuildFile; fileRef = A9AEDEDC24AA2B700030D595 /* SosnovskiyProjectVTBTests.swift */; };
		A9AEDEED24AB83370030D595 /* Article.swift in Sources */ = {isa = PBXBuildFile; fileRef = A9AEDEEC24AB83370030D595 /* Article.swift */; };
		A9CAE86124B9FE26003068AC /* NewsCell.swift in Sources */ = {isa = PBXBuildFile; fileRef = A9CAE86024B9FE26003068AC /* NewsCell.swift */; };
/* End PBXBuildFile section */

/* Begin PBXContainerItemProxy section */
		A9AEDED924AA2B700030D595 /* PBXContainerItemProxy */ = {
			isa = PBXContainerItemProxy;
			containerPortal = A9AEDEB724AA2B6C0030D595 /* Project object */;
			proxyType = 1;
			remoteGlobalIDString = A9AEDEBE24AA2B6C0030D595;
			remoteInfo = SosnovskiyProjectVTB;
		};
/* End PBXContainerItemProxy section */

/* Begin PBXFileReference section */
		A91E633224AE8D05003999B3 /* ArticleCell.swift */ = {isa = PBXFileReference; lastKnownFileType = sourcecode.swift; path = ArticleCell.swift; sourceTree = "<group>"; };
		A92DF28E24AE52A400D101FA /* ArticleManager.swift */ = {isa = PBXFileReference; lastKnownFileType = sourcecode.swift; path = ArticleManager.swift; sourceTree = "<group>"; };
		A9AEDEBF24AA2B6C0030D595 /* SosnovskiyProjectVTB.app */ = {isa = PBXFileReference; explicitFileType = wrapper.application; includeInIndex = 0; path = SosnovskiyProjectVTB.app; sourceTree = BUILT_PRODUCTS_DIR; };
		A9AEDEC224AA2B6C0030D595 /* AppDelegate.swift */ = {isa = PBXFileReference; lastKnownFileType = sourcecode.swift; path = AppDelegate.swift; sourceTree = "<group>"; };
		A9AEDEC424AA2B6C0030D595 /* SceneDelegate.swift */ = {isa = PBXFileReference; lastKnownFileType = sourcecode.swift; path = SceneDelegate.swift; sourceTree = "<group>"; };
		A9AEDEC624AA2B6C0030D595 /* ViewController.swift */ = {isa = PBXFileReference; lastKnownFileType = sourcecode.swift; path = ViewController.swift; sourceTree = "<group>"; };
		A9AEDECC24AA2B6C0030D595 /* SosnovskiyProjectVTB.xcdatamodel */ = {isa = PBXFileReference; lastKnownFileType = wrapper.xcdatamodel; path = SosnovskiyProjectVTB.xcdatamodel; sourceTree = "<group>"; };
		A9AEDECE24AA2B700030D595 /* Assets.xcassets */ = {isa = PBXFileReference; lastKnownFileType = folder.assetcatalog; path = Assets.xcassets; sourceTree = "<group>"; };
		A9AEDED124AA2B700030D595 /* Base */ = {isa = PBXFileReference; lastKnownFileType = file.storyboard; name = Base; path = Base.lproj/LaunchScreen.storyboard; sourceTree = "<group>"; };
		A9AEDED324AA2B700030D595 /* Info.plist */ = {isa = PBXFileReference; lastKnownFileType = text.plist.xml; path = Info.plist; sourceTree = "<group>"; };
		A9AEDED824AA2B700030D595 /* SosnovskiyProjectVTBTests.xctest */ = {isa = PBXFileReference; explicitFileType = wrapper.cfbundle; includeInIndex = 0; path = SosnovskiyProjectVTBTests.xctest; sourceTree = BUILT_PRODUCTS_DIR; };
		A9AEDEDC24AA2B700030D595 /* SosnovskiyProjectVTBTests.swift */ = {isa = PBXFileReference; lastKnownFileType = sourcecode.swift; path = SosnovskiyProjectVTBTests.swift; sourceTree = "<group>"; };
		A9AEDEDE24AA2B700030D595 /* Info.plist */ = {isa = PBXFileReference; lastKnownFileType = text.plist.xml; path = Info.plist; sourceTree = "<group>"; };
		A9AEDEEC24AB83370030D595 /* Article.swift */ = {isa = PBXFileReference; lastKnownFileType = sourcecode.swift; path = Article.swift; sourceTree = "<group>"; };
		A9CAE86024B9FE26003068AC /* NewsCell.swift */ = {isa = PBXFileReference; lastKnownFileType = sourcecode.swift; path = NewsCell.swift; sourceTree = "<group>"; };
/* End PBXFileReference section */

/* Begin PBXFrameworksBuildPhase section */
		A9AEDEBC24AA2B6C0030D595 /* Frameworks */ = {
			isa = PBXFrameworksBuildPhase;
			buildActionMask = 2147483647;
			files = (
			);
			runOnlyForDeploymentPostprocessing = 0;
		};
		A9AEDED524AA2B700030D595 /* Frameworks */ = {
			isa = PBXFrameworksBuildPhase;
			buildActionMask = 2147483647;
			files = (
			);
			runOnlyForDeploymentPostprocessing = 0;
		};
/* End PBXFrameworksBuildPhase section */

/* Begin PBXGroup section */
		A9AEDEB624AA2B6C0030D595 = {
			isa = PBXGroup;
			children = (
				A9AEDEC124AA2B6C0030D595 /* SosnovskiyProjectVTB */,
				A9AEDEDB24AA2B700030D595 /* SosnovskiyProjectVTBTests */,
				A9AEDEC024AA2B6C0030D595 /* Products */,
			);
			sourceTree = "<group>";
		};
		A9AEDEC024AA2B6C0030D595 /* Products */ = {
			isa = PBXGroup;
			children = (
				A9AEDEBF24AA2B6C0030D595 /* SosnovskiyProjectVTB.app */,
				A9AEDED824AA2B700030D595 /* SosnovskiyProjectVTBTests.xctest */,
			);
			name = Products;
			sourceTree = "<group>";
		};
		A9AEDEC124AA2B6C0030D595 /* SosnovskiyProjectVTB */ = {
			isa = PBXGroup;
			children = (
				A9AEDEE724AA2C6D0030D595 /* Model */,
				A9AEDEE824AA2C780030D595 /* View */,
				A9AEDEE924AA2C800030D595 /* Controller */,
				A9AEDEC224AA2B6C0030D595 /* AppDelegate.swift */,
				A9AEDEC424AA2B6C0030D595 /* SceneDelegate.swift */,
				A9AEDECE24AA2B700030D595 /* Assets.xcassets */,
				A9AEDED024AA2B700030D595 /* LaunchScreen.storyboard */,
				A9AEDED324AA2B700030D595 /* Info.plist */,
				A9AEDECB24AA2B6C0030D595 /* SosnovskiyProjectVTB.xcdatamodeld */,
			);
			path = SosnovskiyProjectVTB;
			sourceTree = "<group>";
		};
		A9AEDEDB24AA2B700030D595 /* SosnovskiyProjectVTBTests */ = {
			isa = PBXGroup;
			children = (
				A9AEDEDC24AA2B700030D595 /* SosnovskiyProjectVTBTests.swift */,
				A9AEDEDE24AA2B700030D595 /* Info.plist */,
			);
			path = SosnovskiyProjectVTBTests;
			sourceTree = "<group>";
		};
		A9AEDEE724AA2C6D0030D595 /* Model */ = {
			isa = PBXGroup;
			children = (
				A9AEDEEC24AB83370030D595 /* Article.swift */,
			);
			path = Model;
			sourceTree = "<group>";
		};
		A9AEDEE824AA2C780030D595 /* View */ = {
			isa = PBXGroup;
			children = (
				A91E633224AE8D05003999B3 /* ArticleCell.swift */,
				A9CAE86024B9FE26003068AC /* NewsCell.swift */,
			);
			path = View;
			sourceTree = "<group>";
		};
		A9AEDEE924AA2C800030D595 /* Controller */ = {
			isa = PBXGroup;
			children = (
				A9AEDEC624AA2B6C0030D595 /* ViewController.swift */,
				A92DF28E24AE52A400D101FA /* ArticleManager.swift */,
			);
			path = Controller;
			sourceTree = "<group>";
		};
/* End PBXGroup section */

/* Begin PBXNativeTarget section */
		A9AEDEBE24AA2B6C0030D595 /* SosnovskiyProjectVTB */ = {
			isa = PBXNativeTarget;
			buildConfigurationList = A9AEDEE124AA2B700030D595 /* Build configuration list for PBXNativeTarget "SosnovskiyProjectVTB" */;
			buildPhases = (
				A9AEDEBB24AA2B6C0030D595 /* Sources */,
				A9AEDEBC24AA2B6C0030D595 /* Frameworks */,
				A9AEDEBD24AA2B6C0030D595 /* Resources */,
			);
			buildRules = (
			);
			dependencies = (
			);
			name = SosnovskiyProjectVTB;
			productName = SosnovskiyProjectVTB;
			productReference = A9AEDEBF24AA2B6C0030D595 /* SosnovskiyProjectVTB.app */;
			productType = "com.apple.product-type.application";
		};
		A9AEDED724AA2B700030D595 /* SosnovskiyProjectVTBTests */ = {
			isa = PBXNativeTarget;
			buildConfigurationList = A9AEDEE424AA2B700030D595 /* Build configuration list for PBXNativeTarget "SosnovskiyProjectVTBTests" */;
			buildPhases = (
				A9AEDED424AA2B700030D595 /* Sources */,
				A9AEDED524AA2B700030D595 /* Frameworks */,
				A9AEDED624AA2B700030D595 /* Resources */,
			);
			buildRules = (
			);
			dependencies = (
				A9AEDEDA24AA2B700030D595 /* PBXTargetDependency */,
			);
			name = SosnovskiyProjectVTBTests;
			productName = SosnovskiyProjectVTBTests;
			productReference = A9AEDED824AA2B700030D595 /* SosnovskiyProjectVTBTests.xctest */;
			productType = "com.apple.product-type.bundle.unit-test";
		};
/* End PBXNativeTarget section */

/* Begin PBXProject section */
		A9AEDEB724AA2B6C0030D595 /* Project object */ = {
			isa = PBXProject;
			attributes = {
				LastSwiftUpdateCheck = 1150;
				LastUpgradeCheck = 1150;
				ORGANIZATIONNAME = "Gregory Pinetree";
				TargetAttributes = {
					A9AEDEBE24AA2B6C0030D595 = {
						CreatedOnToolsVersion = 11.5;
					};
					A9AEDED724AA2B700030D595 = {
						CreatedOnToolsVersion = 11.5;
						TestTargetID = A9AEDEBE24AA2B6C0030D595;
					};
				};
			};
			buildConfigurationList = A9AEDEBA24AA2B6C0030D595 /* Build configuration list for PBXProject "SosnovskiyProjectVTB" */;
			compatibilityVersion = "Xcode 9.3";
			developmentRegion = en;
			hasScannedForEncodings = 0;
			knownRegions = (
				en,
				Base,
			);
			mainGroup = A9AEDEB624AA2B6C0030D595;
			productRefGroup = A9AEDEC024AA2B6C0030D595 /* Products */;
			projectDirPath = "";
			projectRoot = "";
			targets = (
				A9AEDEBE24AA2B6C0030D595 /* SosnovskiyProjectVTB */,
				A9AEDED724AA2B700030D595 /* SosnovskiyProjectVTBTests */,
			);
		};
/* End PBXProject section */

/* Begin PBXResourcesBuildPhase section */
		A9AEDEBD24AA2B6C0030D595 /* Resources */ = {
			isa = PBXResourcesBuildPhase;
			buildActionMask = 2147483647;
			files = (
				A9AEDED224AA2B700030D595 /* LaunchScreen.storyboard in Resources */,
				A9AEDECF24AA2B700030D595 /* Assets.xcassets in Resources */,
			);
			runOnlyForDeploymentPostprocessing = 0;
		};
		A9AEDED624AA2B700030D595 /* Resources */ = {
			isa = PBXResourcesBuildPhase;
			buildActionMask = 2147483647;
			files = (
			);
			runOnlyForDeploymentPostprocessing = 0;
		};
/* End PBXResourcesBuildPhase section */

/* Begin PBXSourcesBuildPhase section */
		A9AEDEBB24AA2B6C0030D595 /* Sources */ = {
			isa = PBXSourcesBuildPhase;
			buildActionMask = 2147483647;
			files = (
				A9AEDECD24AA2B6C0030D595 /* SosnovskiyProjectVTB.xcdatamodeld in Sources */,
				A9AEDEC724AA2B6C0030D595 /* ViewController.swift in Sources */,
				A9AEDEC324AA2B6C0030D595 /* AppDelegate.swift in Sources */,
				A9AEDEC524AA2B6C0030D595 /* SceneDelegate.swift in Sources */,
				A91E633324AE8D05003999B3 /* ArticleCell.swift in Sources */,
				A92DF28F24AE52A400D101FA /* ArticleManager.swift in Sources */,
				A9CAE86124B9FE26003068AC /* NewsCell.swift in Sources */,
				A9AEDEED24AB83370030D595 /* Article.swift in Sources */,
			);
			runOnlyForDeploymentPostprocessing = 0;
		};
		A9AEDED424AA2B700030D595 /* Sources */ = {
			isa = PBXSourcesBuildPhase;
			buildActionMask = 2147483647;
			files = (
				A9AEDEDD24AA2B700030D595 /* SosnovskiyProjectVTBTests.swift in Sources */,
			);
			runOnlyForDeploymentPostprocessing = 0;
		};
/* End PBXSourcesBuildPhase section */

/* Begin PBXTargetDependency section */
		A9AEDEDA24AA2B700030D595 /* PBXTargetDependency */ = {
			isa = PBXTargetDependency;
			target = A9AEDEBE24AA2B6C0030D595 /* SosnovskiyProjectVTB */;
			targetProxy = A9AEDED924AA2B700030D595 /* PBXContainerItemProxy */;
		};
/* End PBXTargetDependency section */

/* Begin PBXVariantGroup section */
		A9AEDED024AA2B700030D595 /* LaunchScreen.storyboard */ = {
			isa = PBXVariantGroup;
			children = (
				A9AEDED124AA2B700030D595 /* Base */,
			);
			name = LaunchScreen.storyboard;
			sourceTree = "<group>";
		};
/* End PBXVariantGroup section */

/* Begin XCBuildConfiguration section */
		A9AEDEDF24AA2B700030D595 /* Debug */ = {
			isa = XCBuildConfiguration;
			buildSettings = {
				ALWAYS_SEARCH_USER_PATHS = NO;
				CLANG_ANALYZER_NONNULL = YES;
				CLANG_ANALYZER_NUMBER_OBJECT_CONVERSION = YES_AGGRESSIVE;
				CLANG_CXX_LANGUAGE_STANDARD = "gnu++14";
				CLANG_CXX_LIBRARY = "libc++";
				CLANG_ENABLE_MODULES = YES;
				CLANG_ENABLE_OBJC_ARC = YES;
				CLANG_ENABLE_OBJC_WEAK = YES;
				CLANG_WARN_BLOCK_CAPTURE_AUTORELEASING = YES;
				CLANG_WARN_BOOL_CONVERSION = YES;
				CLANG_WARN_COMMA = YES;
				CLANG_WARN_CONSTANT_CONVERSION = YES;
				CLANG_WARN_DEPRECATED_OBJC_IMPLEMENTATIONS = YES;
				CLANG_WARN_DIRECT_OBJC_ISA_USAGE = YES_ERROR;
				CLANG_WARN_DOCUMENTATION_COMMENTS = YES;
				CLANG_WARN_EMPTY_BODY = YES;
				CLANG_WARN_ENUM_CONVERSION = YES;
				CLANG_WARN_INFINITE_RECURSION = YES;
				CLANG_WARN_INT_CONVERSION = YES;
				CLANG_WARN_NON_LITERAL_NULL_CONVERSION = YES;
				CLANG_WARN_OBJC_IMPLICIT_RETAIN_SELF = YES;
				CLANG_WARN_OBJC_LITERAL_CONVERSION = YES;
				CLANG_WARN_OBJC_ROOT_CLASS = YES_ERROR;
				CLANG_WARN_RANGE_LOOP_ANALYSIS = YES;
				CLANG_WARN_STRICT_PROTOTYPES = YES;
				CLANG_WARN_SUSPICIOUS_MOVE = YES;
				CLANG_WARN_UNGUARDED_AVAILABILITY = YES_AGGRESSIVE;
				CLANG_WARN_UNREACHABLE_CODE = YES;
				CLANG_WARN__DUPLICATE_METHOD_MATCH = YES;
				COPY_PHASE_STRIP = NO;
				DEBUG_INFORMATION_FORMAT = dwarf;
				ENABLE_STRICT_OBJC_MSGSEND = YES;
				ENABLE_TESTABILITY = YES;
				GCC_C_LANGUAGE_STANDARD = gnu11;
				GCC_DYNAMIC_NO_PIC = NO;
				GCC_NO_COMMON_BLOCKS = YES;
				GCC_OPTIMIZATION_LEVEL = 0;
				GCC_PREPROCESSOR_DEFINITIONS = (
					"DEBUG=1",
					"$(inherited)",
				);
				GCC_WARN_64_TO_32_BIT_CONVERSION = YES;
				GCC_WARN_ABOUT_RETURN_TYPE = YES_ERROR;
				GCC_WARN_UNDECLARED_SELECTOR = YES;
				GCC_WARN_UNINITIALIZED_AUTOS = YES_AGGRESSIVE;
				GCC_WARN_UNUSED_FUNCTION = YES;
				GCC_WARN_UNUSED_VARIABLE = YES;
				IPHONEOS_DEPLOYMENT_TARGET = 13.5;
				MTL_ENABLE_DEBUG_INFO = INCLUDE_SOURCE;
				MTL_FAST_MATH = YES;
				ONLY_ACTIVE_ARCH = YES;
				SDKROOT = iphoneos;
				SWIFT_ACTIVE_COMPILATION_CONDITIONS = DEBUG;
				SWIFT_OPTIMIZATION_LEVEL = "-Onone";
			};
			name = Debug;
		};
		A9AEDEE024AA2B700030D595 /* Release */ = {
			isa = XCBuildConfiguration;
			buildSettings = {
				ALWAYS_SEARCH_USER_PATHS = NO;
				CLANG_ANALYZER_NONNULL = YES;
				CLANG_ANALYZER_NUMBER_OBJECT_CONVERSION = YES_AGGRESSIVE;
				CLANG_CXX_LANGUAGE_STANDARD = "gnu++14";
				CLANG_CXX_LIBRARY = "libc++";
				CLANG_ENABLE_MODULES = YES;
				CLANG_ENABLE_OBJC_ARC = YES;
				CLANG_ENABLE_OBJC_WEAK = YES;
				CLANG_WARN_BLOCK_CAPTURE_AUTORELEASING = YES;
				CLANG_WARN_BOOL_CONVERSION = YES;
				CLANG_WARN_COMMA = YES;
				CLANG_WARN_CONSTANT_CONVERSION = YES;
				CLANG_WARN_DEPRECATED_OBJC_IMPLEMENTATIONS = YES;
				CLANG_WARN_DIRECT_OBJC_ISA_USAGE = YES_ERROR;
				CLANG_WARN_DOCUMENTATION_COMMENTS = YES;
				CLANG_WARN_EMPTY_BODY = YES;
				CLANG_WARN_ENUM_CONVERSION = YES;
				CLANG_WARN_INFINITE_RECURSION = YES;
				CLANG_WARN_INT_CONVERSION = YES;
				CLANG_WARN_NON_LITERAL_NULL_CONVERSION = YES;
				CLANG_WARN_OBJC_IMPLICIT_RETAIN_SELF = YES;
				CLANG_WARN_OBJC_LITERAL_CONVERSION = YES;
				CLANG_WARN_OBJC_ROOT_CLASS = YES_ERROR;
				CLANG_WARN_RANGE_LOOP_ANALYSIS = YES;
				CLANG_WARN_STRICT_PROTOTYPES = YES;
				CLANG_WARN_SUSPICIOUS_MOVE = YES;
				CLANG_WARN_UNGUARDED_AVAILABILITY = YES_AGGRESSIVE;
				CLANG_WARN_UNREACHABLE_CODE = YES;
				CLANG_WARN__DUPLICATE_METHOD_MATCH = YES;
				COPY_PHASE_STRIP = NO;
				DEBUG_INFORMATION_FORMAT = "dwarf-with-dsym";
				ENABLE_NS_ASSERTIONS = NO;
				ENABLE_STRICT_OBJC_MSGSEND = YES;
				GCC_C_LANGUAGE_STANDARD = gnu11;
				GCC_NO_COMMON_BLOCKS = YES;
				GCC_WARN_64_TO_32_BIT_CONVERSION = YES;
				GCC_WARN_ABOUT_RETURN_TYPE = YES_ERROR;
				GCC_WARN_UNDECLARED_SELECTOR = YES;
				GCC_WARN_UNINITIALIZED_AUTOS = YES_AGGRESSIVE;
				GCC_WARN_UNUSED_FUNCTION = YES;
				GCC_WARN_UNUSED_VARIABLE = YES;
				IPHONEOS_DEPLOYMENT_TARGET = 13.5;
				MTL_ENABLE_DEBUG_INFO = NO;
				MTL_FAST_MATH = YES;
				SDKROOT = iphoneos;
				SWIFT_COMPILATION_MODE = wholemodule;
				SWIFT_OPTIMIZATION_LEVEL = "-O";
				VALIDATE_PRODUCT = YES;
			};
			name = Release;
		};
		A9AEDEE224AA2B700030D595 /* Debug */ = {
			isa = XCBuildConfiguration;
			buildSettings = {
				ASSETCATALOG_COMPILER_APPICON_NAME = AppIcon;
				CODE_SIGN_STYLE = Automatic;
				INFOPLIST_FILE = SosnovskiyProjectVTB/Info.plist;
				LD_RUNPATH_SEARCH_PATHS = (
					"$(inherited)",
					"@executable_path/Frameworks",
				);
				PRODUCT_BUNDLE_IDENTIFIER = GrizverG.SosnovskiyProjectVTB;
				PRODUCT_NAME = "$(TARGET_NAME)";
				SWIFT_VERSION = 5.0;
				TARGETED_DEVICE_FAMILY = "1,2";
			};
			name = Debug;
		};
		A9AEDEE324AA2B700030D595 /* Release */ = {
			isa = XCBuildConfiguration;
			buildSettings = {
				ASSETCATALOG_COMPILER_APPICON_NAME = AppIcon;
				CODE_SIGN_STYLE = Automatic;
				INFOPLIST_FILE = SosnovskiyProjectVTB/Info.plist;
				LD_RUNPATH_SEARCH_PATHS = (
					"$(inherited)",
					"@executable_path/Frameworks",
				);
				PRODUCT_BUNDLE_IDENTIFIER = GrizverG.SosnovskiyProjectVTB;
				PRODUCT_NAME = "$(TARGET_NAME)";
				SWIFT_VERSION = 5.0;
				TARGETED_DEVICE_FAMILY = "1,2";
			};
			name = Release;
		};
		A9AEDEE524AA2B700030D595 /* Debug */ = {
			isa = XCBuildConfiguration;
			buildSettings = {
				ALWAYS_EMBED_SWIFT_STANDARD_LIBRARIES = YES;
				BUNDLE_LOADER = "$(TEST_HOST)";
				CODE_SIGN_STYLE = Automatic;
				INFOPLIST_FILE = SosnovskiyProjectVTBTests/Info.plist;
				IPHONEOS_DEPLOYMENT_TARGET = 13.5;
				LD_RUNPATH_SEARCH_PATHS = (
					"$(inherited)",
					"@executable_path/Frameworks",
					"@loader_path/Frameworks",
				);
				PRODUCT_BUNDLE_IDENTIFIER = GrizverG.SosnovskiyProjectVTBTests;
				PRODUCT_NAME = "$(TARGET_NAME)";
				SWIFT_VERSION = 5.0;
				TARGETED_DEVICE_FAMILY = "1,2";
				TEST_HOST = "$(BUILT_PRODUCTS_DIR)/SosnovskiyProjectVTB.app/SosnovskiyProjectVTB";
			};
			name = Debug;
		};
		A9AEDEE624AA2B700030D595 /* Release */ = {
			isa = XCBuildConfiguration;
			buildSettings = {
				ALWAYS_EMBED_SWIFT_STANDARD_LIBRARIES = YES;
				BUNDLE_LOADER = "$(TEST_HOST)";
				CODE_SIGN_STYLE = Automatic;
				INFOPLIST_FILE = SosnovskiyProjectVTBTests/Info.plist;
				IPHONEOS_DEPLOYMENT_TARGET = 13.5;
				LD_RUNPATH_SEARCH_PATHS = (
					"$(inherited)",
					"@executable_path/Frameworks",
					"@loader_path/Frameworks",
				);
				PRODUCT_BUNDLE_IDENTIFIER = GrizverG.SosnovskiyProjectVTBTests;
				PRODUCT_NAME = "$(TARGET_NAME)";
				SWIFT_VERSION = 5.0;
				TARGETED_DEVICE_FAMILY = "1,2";
				TEST_HOST = "$(BUILT_PRODUCTS_DIR)/SosnovskiyProjectVTB.app/SosnovskiyProjectVTB";
			};
			name = Release;
		};
/* End XCBuildConfiguration section */

/* Begin XCConfigurationList section */
		A9AEDEBA24AA2B6C0030D595 /* Build configuration list for PBXProject "SosnovskiyProjectVTB" */ = {
			isa = XCConfigurationList;
			buildConfigurations = (
				A9AEDEDF24AA2B700030D595 /* Debug */,
				A9AEDEE024AA2B700030D595 /* Release */,
			);
			defaultConfigurationIsVisible = 0;
			defaultConfigurationName = Release;
		};
		A9AEDEE124AA2B700030D595 /* Build configuration list for PBXNativeTarget "SosnovskiyProjectVTB" */ = {
			isa = XCConfigurationList;
			buildConfigurations = (
				A9AEDEE224AA2B700030D595 /* Debug */,
				A9AEDEE324AA2B700030D595 /* Release */,
			);
			defaultConfigurationIsVisible = 0;
			defaultConfigurationName = Release;
		};
		A9AEDEE424AA2B700030D595 /* Build configuration list for PBXNativeTarget "SosnovskiyProjectVTBTests" */ = {
			isa = XCConfigurationList;
			buildConfigurations = (
				A9AEDEE524AA2B700030D595 /* Debug */,
				A9AEDEE624AA2B700030D595 /* Release */,
			);
			defaultConfigurationIsVisible = 0;
			defaultConfigurationName = Release;
		};
/* End XCConfigurationList section */

/* Begin XCVersionGroup section */
		A9AEDECB24AA2B6C0030D595 /* SosnovskiyProjectVTB.xcdatamodeld */ = {
			isa = XCVersionGroup;
			children = (
				A9AEDECC24AA2B6C0030D595 /* SosnovskiyProjectVTB.xcdatamodel */,
			);
			currentVersion = A9AEDECC24AA2B6C0030D595 /* SosnovskiyProjectVTB.xcdatamodel */;
			path = SosnovskiyProjectVTB.xcdatamodeld;
			sourceTree = "<group>";
			versionGroupType = wrapper.xcdatamodel;
		};
/* End XCVersionGroup section */
	};
	rootObject = A9AEDEB724AA2B6C0030D595 /* Project object */;
}
